// !$*UTF8*$!
{
	archiveVersion = 1;
	classes = {
	};
	objectVersion = 51;
	objects = {

/* Begin PBXBuildFile section */
		0866223C6D672E9D88488C51 /* Pods_Decider.framework in Frameworks */ = {isa = PBXBuildFile; fileRef = 773AAEA063EAACACD758A0D6 /* Pods_Decider.framework */; };
		15B7AE97DEED10E373C09D1F /* Pods_DeciderUITests.framework in Frameworks */ = {isa = PBXBuildFile; fileRef = EC1782806DD0C9AAF03DA272 /* Pods_DeciderUITests.framework */; };
		19B0D6C16B340E5B55579E26 /* Pods_DeciderTests.framework in Frameworks */ = {isa = PBXBuildFile; fileRef = 26ACCCA742D4B0F9B59BCA34 /* Pods_DeciderTests.framework */; };
		F91047E322E681F20098D7B6 /* CityCell.m in Sources */ = {isa = PBXBuildFile; fileRef = F91047E222E681F20098D7B6 /* CityCell.m */; };
		F91F4D6722E7CBEA00D8D1F5 /* Food.m in Sources */ = {isa = PBXBuildFile; fileRef = F91F4D6622E7CBEA00D8D1F5 /* Food.m */; };
		F91F4D6A22E8CAC800D8D1F5 /* LoginViewController.m in Sources */ = {isa = PBXBuildFile; fileRef = F91F4D6922E8CAC800D8D1F5 /* LoginViewController.m */; };
		F91F4D6D22E8CAD500D8D1F5 /* SignupViewController.m in Sources */ = {isa = PBXBuildFile; fileRef = F91F4D6C22E8CAD500D8D1F5 /* SignupViewController.m */; };
		F91F4D7022EA501F00D8D1F5 /* EditProfileViewController.m in Sources */ = {isa = PBXBuildFile; fileRef = F91F4D6F22EA501F00D8D1F5 /* EditProfileViewController.m */; };
		F953DF6E22EA868500C41C43 /* Routes.m in Sources */ = {isa = PBXBuildFile; fileRef = 8610AE3C22DFD53500957D7C /* Routes.m */; };
		F953DF6F22EA868B00C41C43 /* ReviewViewController.m in Sources */ = {isa = PBXBuildFile; fileRef = F9F33FA022DF99A900032267 /* ReviewViewController.m */; };
		F97CE65B22DD4E1C004798EF /* AppDelegate.m in Sources */ = {isa = PBXBuildFile; fileRef = F97CE65A22DD4E1C004798EF /* AppDelegate.m */; };
		F97CE66122DD4E1C004798EF /* Main.storyboard in Resources */ = {isa = PBXBuildFile; fileRef = F97CE65F22DD4E1C004798EF /* Main.storyboard */; };
		F97CE66322DD4E1D004798EF /* Assets.xcassets in Resources */ = {isa = PBXBuildFile; fileRef = F97CE66222DD4E1D004798EF /* Assets.xcassets */; };
		F97CE66622DD4E1D004798EF /* LaunchScreen.storyboard in Resources */ = {isa = PBXBuildFile; fileRef = F97CE66422DD4E1D004798EF /* LaunchScreen.storyboard */; };
		F97CE66922DD4E1D004798EF /* main.m in Sources */ = {isa = PBXBuildFile; fileRef = F97CE66822DD4E1D004798EF /* main.m */; };
		F97CE67322DD4E1D004798EF /* DeciderTests.m in Sources */ = {isa = PBXBuildFile; fileRef = F97CE67222DD4E1D004798EF /* DeciderTests.m */; };
		F97CE67E22DD4E1D004798EF /* DeciderUITests.m in Sources */ = {isa = PBXBuildFile; fileRef = F97CE67D22DD4E1D004798EF /* DeciderUITests.m */; };
		F97CE69322DF8D74004798EF /* DetailsViewController.m in Sources */ = {isa = PBXBuildFile; fileRef = F97CE69222DF8D74004798EF /* DetailsViewController.m */; };
		F97CE69622DF9489004798EF /* SwipeViewController.m in Sources */ = {isa = PBXBuildFile; fileRef = F97CE69522DF9489004798EF /* SwipeViewController.m */; };
		F97CE69F22DFAA7B004798EF /* ChooseFoodView.m in Sources */ = {isa = PBXBuildFile; fileRef = F97CE69E22DFAA7B004798EF /* ChooseFoodView.m */; };
		F97CE6A222DFACA0004798EF /* ImageView.m in Sources */ = {isa = PBXBuildFile; fileRef = F97CE6A122DFACA0004798EF /* ImageView.m */; };
		F97CE6A822DFE319004798EF /* Restaurant.m in Sources */ = {isa = PBXBuildFile; fileRef = F97CE6A722DFE319004798EF /* Restaurant.m */; };
		F97CE6AD22E0ECD7004798EF /* CoreLocation.framework in Frameworks */ = {isa = PBXBuildFile; fileRef = F97CE6AC22E0ECD7004798EF /* CoreLocation.framework */; };
		F988729522E657B800F85972 /* PhotoCollectionCell.m in Sources */ = {isa = PBXBuildFile; fileRef = F988729422E657B800F85972 /* PhotoCollectionCell.m */; };
		F9CD455822E761340038D859 /* RecommendationCell.m in Sources */ = {isa = PBXBuildFile; fileRef = F9CD455722E761340038D859 /* RecommendationCell.m */; };
		F9E1F5FA22E11EE200458F0C /* HomeViewController.m in Sources */ = {isa = PBXBuildFile; fileRef = F97CE68F22DF8D65004798EF /* HomeViewController.m */; };
		F9F33FA422DF99C000032267 /* ProfileViewController.m in Sources */ = {isa = PBXBuildFile; fileRef = F9F33FA322DF99C000032267 /* ProfileViewController.m */; };
/* End PBXBuildFile section */

/* Begin PBXContainerItemProxy section */
		F97CE66F22DD4E1D004798EF /* PBXContainerItemProxy */ = {
			isa = PBXContainerItemProxy;
			containerPortal = F97CE64E22DD4E1C004798EF /* Project object */;
			proxyType = 1;
			remoteGlobalIDString = F97CE65522DD4E1C004798EF;
			remoteInfo = Decider;
		};
		F97CE67A22DD4E1D004798EF /* PBXContainerItemProxy */ = {
			isa = PBXContainerItemProxy;
			containerPortal = F97CE64E22DD4E1C004798EF /* Project object */;
			proxyType = 1;
			remoteGlobalIDString = F97CE65522DD4E1C004798EF;
			remoteInfo = Decider;
		};
/* End PBXContainerItemProxy section */

/* Begin PBXFileReference section */
		26ACCCA742D4B0F9B59BCA34 /* Pods_DeciderTests.framework */ = {isa = PBXFileReference; explicitFileType = wrapper.framework; includeInIndex = 0; path = Pods_DeciderTests.framework; sourceTree = BUILT_PRODUCTS_DIR; };
		26B611E0C2BEE249C2C35721 /* Pods-DeciderTests.release.xcconfig */ = {isa = PBXFileReference; includeInIndex = 1; lastKnownFileType = text.xcconfig; name = "Pods-DeciderTests.release.xcconfig"; path = "Target Support Files/Pods-DeciderTests/Pods-DeciderTests.release.xcconfig"; sourceTree = "<group>"; };
		59164B7944757DB341C464BC /* Pods-DeciderUITests.release.xcconfig */ = {isa = PBXFileReference; includeInIndex = 1; lastKnownFileType = text.xcconfig; name = "Pods-DeciderUITests.release.xcconfig"; path = "Target Support Files/Pods-DeciderUITests/Pods-DeciderUITests.release.xcconfig"; sourceTree = "<group>"; };
		773AAEA063EAACACD758A0D6 /* Pods_Decider.framework */ = {isa = PBXFileReference; explicitFileType = wrapper.framework; includeInIndex = 0; path = Pods_Decider.framework; sourceTree = BUILT_PRODUCTS_DIR; };
		8610AE3B22DFD53500957D7C /* Routes.h */ = {isa = PBXFileReference; lastKnownFileType = sourcecode.c.h; path = Routes.h; sourceTree = "<group>"; };
		8610AE3C22DFD53500957D7C /* Routes.m */ = {isa = PBXFileReference; lastKnownFileType = sourcecode.c.objc; path = Routes.m; sourceTree = "<group>"; };
		A3FD9D476A27FDFD2B950649 /* Pods-DeciderTests.debug.xcconfig */ = {isa = PBXFileReference; includeInIndex = 1; lastKnownFileType = text.xcconfig; name = "Pods-DeciderTests.debug.xcconfig"; path = "Target Support Files/Pods-DeciderTests/Pods-DeciderTests.debug.xcconfig"; sourceTree = "<group>"; };
		A6EB06F9FB19324095671D58 /* Pods-Decider.release.xcconfig */ = {isa = PBXFileReference; includeInIndex = 1; lastKnownFileType = text.xcconfig; name = "Pods-Decider.release.xcconfig"; path = "Target Support Files/Pods-Decider/Pods-Decider.release.xcconfig"; sourceTree = "<group>"; };
		AC2A81FDC6C2F296EFC644F5 /* Pods-Decider.debug.xcconfig */ = {isa = PBXFileReference; includeInIndex = 1; lastKnownFileType = text.xcconfig; name = "Pods-Decider.debug.xcconfig"; path = "Target Support Files/Pods-Decider/Pods-Decider.debug.xcconfig"; sourceTree = "<group>"; };
		B7CEF4CD609400ECC2E4E5C2 /* Pods-DeciderUITests.debug.xcconfig */ = {isa = PBXFileReference; includeInIndex = 1; lastKnownFileType = text.xcconfig; name = "Pods-DeciderUITests.debug.xcconfig"; path = "Target Support Files/Pods-DeciderUITests/Pods-DeciderUITests.debug.xcconfig"; sourceTree = "<group>"; };
		EC1782806DD0C9AAF03DA272 /* Pods_DeciderUITests.framework */ = {isa = PBXFileReference; explicitFileType = wrapper.framework; includeInIndex = 0; path = Pods_DeciderUITests.framework; sourceTree = BUILT_PRODUCTS_DIR; };
		F91047E122E681F20098D7B6 /* CityCell.h */ = {isa = PBXFileReference; lastKnownFileType = sourcecode.c.h; path = CityCell.h; sourceTree = "<group>"; };
		F91047E222E681F20098D7B6 /* CityCell.m */ = {isa = PBXFileReference; lastKnownFileType = sourcecode.c.objc; path = CityCell.m; sourceTree = "<group>"; };
		F91F4D6522E7CBEA00D8D1F5 /* Food.h */ = {isa = PBXFileReference; lastKnownFileType = sourcecode.c.h; path = Food.h; sourceTree = "<group>"; };
		F91F4D6622E7CBEA00D8D1F5 /* Food.m */ = {isa = PBXFileReference; lastKnownFileType = sourcecode.c.objc; path = Food.m; sourceTree = "<group>"; };
		F91F4D6822E8CAC800D8D1F5 /* LoginViewController.h */ = {isa = PBXFileReference; lastKnownFileType = sourcecode.c.h; path = LoginViewController.h; sourceTree = "<group>"; };
		F91F4D6922E8CAC800D8D1F5 /* LoginViewController.m */ = {isa = PBXFileReference; lastKnownFileType = sourcecode.c.objc; path = LoginViewController.m; sourceTree = "<group>"; };
		F91F4D6B22E8CAD500D8D1F5 /* SignupViewController.h */ = {isa = PBXFileReference; lastKnownFileType = sourcecode.c.h; path = SignupViewController.h; sourceTree = "<group>"; };
		F91F4D6C22E8CAD500D8D1F5 /* SignupViewController.m */ = {isa = PBXFileReference; lastKnownFileType = sourcecode.c.objc; path = SignupViewController.m; sourceTree = "<group>"; };
		F91F4D6E22EA501F00D8D1F5 /* EditProfileViewController.h */ = {isa = PBXFileReference; lastKnownFileType = sourcecode.c.h; path = EditProfileViewController.h; sourceTree = "<group>"; };
		F91F4D6F22EA501F00D8D1F5 /* EditProfileViewController.m */ = {isa = PBXFileReference; lastKnownFileType = sourcecode.c.objc; path = EditProfileViewController.m; sourceTree = "<group>"; };
		F97CE65622DD4E1C004798EF /* Decider.app */ = {isa = PBXFileReference; explicitFileType = wrapper.application; includeInIndex = 0; path = Decider.app; sourceTree = BUILT_PRODUCTS_DIR; };
		F97CE65922DD4E1C004798EF /* AppDelegate.h */ = {isa = PBXFileReference; lastKnownFileType = sourcecode.c.h; path = AppDelegate.h; sourceTree = "<group>"; };
		F97CE65A22DD4E1C004798EF /* AppDelegate.m */ = {isa = PBXFileReference; lastKnownFileType = sourcecode.c.objc; path = AppDelegate.m; sourceTree = "<group>"; };
		F97CE66022DD4E1C004798EF /* Base */ = {isa = PBXFileReference; lastKnownFileType = file.storyboard; name = Base; path = Base.lproj/Main.storyboard; sourceTree = "<group>"; };
		F97CE66222DD4E1D004798EF /* Assets.xcassets */ = {isa = PBXFileReference; lastKnownFileType = folder.assetcatalog; path = Assets.xcassets; sourceTree = "<group>"; };
		F97CE66522DD4E1D004798EF /* Base */ = {isa = PBXFileReference; lastKnownFileType = file.storyboard; name = Base; path = Base.lproj/LaunchScreen.storyboard; sourceTree = "<group>"; };
		F97CE66722DD4E1D004798EF /* Info.plist */ = {isa = PBXFileReference; lastKnownFileType = text.plist.xml; path = Info.plist; sourceTree = "<group>"; };
		F97CE66822DD4E1D004798EF /* main.m */ = {isa = PBXFileReference; lastKnownFileType = sourcecode.c.objc; path = main.m; sourceTree = "<group>"; };
		F97CE66E22DD4E1D004798EF /* DeciderTests.xctest */ = {isa = PBXFileReference; explicitFileType = wrapper.cfbundle; includeInIndex = 0; path = DeciderTests.xctest; sourceTree = BUILT_PRODUCTS_DIR; };
		F97CE67222DD4E1D004798EF /* DeciderTests.m */ = {isa = PBXFileReference; lastKnownFileType = sourcecode.c.objc; path = DeciderTests.m; sourceTree = "<group>"; };
		F97CE67422DD4E1D004798EF /* Info.plist */ = {isa = PBXFileReference; lastKnownFileType = text.plist.xml; path = Info.plist; sourceTree = "<group>"; };
		F97CE67922DD4E1D004798EF /* DeciderUITests.xctest */ = {isa = PBXFileReference; explicitFileType = wrapper.cfbundle; includeInIndex = 0; path = DeciderUITests.xctest; sourceTree = BUILT_PRODUCTS_DIR; };
		F97CE67D22DD4E1D004798EF /* DeciderUITests.m */ = {isa = PBXFileReference; lastKnownFileType = sourcecode.c.objc; path = DeciderUITests.m; sourceTree = "<group>"; };
		F97CE67F22DD4E1D004798EF /* Info.plist */ = {isa = PBXFileReference; lastKnownFileType = text.plist.xml; path = Info.plist; sourceTree = "<group>"; };
		F97CE68E22DF8D65004798EF /* HomeViewController.h */ = {isa = PBXFileReference; lastKnownFileType = sourcecode.c.h; path = HomeViewController.h; sourceTree = "<group>"; };
		F97CE68F22DF8D65004798EF /* HomeViewController.m */ = {isa = PBXFileReference; lastKnownFileType = sourcecode.c.objc; path = HomeViewController.m; sourceTree = "<group>"; };
		F97CE69122DF8D74004798EF /* DetailsViewController.h */ = {isa = PBXFileReference; lastKnownFileType = sourcecode.c.h; path = DetailsViewController.h; sourceTree = "<group>"; };
		F97CE69222DF8D74004798EF /* DetailsViewController.m */ = {isa = PBXFileReference; lastKnownFileType = sourcecode.c.objc; path = DetailsViewController.m; sourceTree = "<group>"; };
		F97CE69422DF9489004798EF /* SwipeViewController.h */ = {isa = PBXFileReference; lastKnownFileType = sourcecode.c.h; path = SwipeViewController.h; sourceTree = "<group>"; };
		F97CE69522DF9489004798EF /* SwipeViewController.m */ = {isa = PBXFileReference; lastKnownFileType = sourcecode.c.objc; path = SwipeViewController.m; sourceTree = "<group>"; };
		F97CE69D22DFAA7B004798EF /* ChooseFoodView.h */ = {isa = PBXFileReference; lastKnownFileType = sourcecode.c.h; path = ChooseFoodView.h; sourceTree = "<group>"; };
		F97CE69E22DFAA7B004798EF /* ChooseFoodView.m */ = {isa = PBXFileReference; lastKnownFileType = sourcecode.c.objc; path = ChooseFoodView.m; sourceTree = "<group>"; };
		F97CE6A022DFACA0004798EF /* ImageView.h */ = {isa = PBXFileReference; lastKnownFileType = sourcecode.c.h; path = ImageView.h; sourceTree = "<group>"; };
		F97CE6A122DFACA0004798EF /* ImageView.m */ = {isa = PBXFileReference; lastKnownFileType = sourcecode.c.objc; path = ImageView.m; sourceTree = "<group>"; };
		F97CE6A622DFE319004798EF /* Restaurant.h */ = {isa = PBXFileReference; lastKnownFileType = sourcecode.c.h; path = Restaurant.h; sourceTree = "<group>"; };
		F97CE6A722DFE319004798EF /* Restaurant.m */ = {isa = PBXFileReference; lastKnownFileType = sourcecode.c.objc; path = Restaurant.m; sourceTree = "<group>"; };
		F97CE6AC22E0ECD7004798EF /* CoreLocation.framework */ = {isa = PBXFileReference; lastKnownFileType = wrapper.framework; name = CoreLocation.framework; path = System/Library/Frameworks/CoreLocation.framework; sourceTree = SDKROOT; };
		F988729322E657B800F85972 /* PhotoCollectionCell.h */ = {isa = PBXFileReference; lastKnownFileType = sourcecode.c.h; path = PhotoCollectionCell.h; sourceTree = "<group>"; };
		F988729422E657B800F85972 /* PhotoCollectionCell.m */ = {isa = PBXFileReference; lastKnownFileType = sourcecode.c.objc; path = PhotoCollectionCell.m; sourceTree = "<group>"; };
		F9CD455622E761340038D859 /* RecommendationCell.h */ = {isa = PBXFileReference; lastKnownFileType = sourcecode.c.h; path = RecommendationCell.h; sourceTree = "<group>"; };
		F9CD455722E761340038D859 /* RecommendationCell.m */ = {isa = PBXFileReference; lastKnownFileType = sourcecode.c.objc; path = RecommendationCell.m; sourceTree = "<group>"; };
		F9F33F9F22DF99A900032267 /* ReviewViewController.h */ = {isa = PBXFileReference; lastKnownFileType = sourcecode.c.h; path = ReviewViewController.h; sourceTree = "<group>"; };
		F9F33FA022DF99A900032267 /* ReviewViewController.m */ = {isa = PBXFileReference; lastKnownFileType = sourcecode.c.objc; path = ReviewViewController.m; sourceTree = "<group>"; };
		F9F33FA222DF99C000032267 /* ProfileViewController.h */ = {isa = PBXFileReference; lastKnownFileType = sourcecode.c.h; path = ProfileViewController.h; sourceTree = "<group>"; };
		F9F33FA322DF99C000032267 /* ProfileViewController.m */ = {isa = PBXFileReference; lastKnownFileType = sourcecode.c.objc; path = ProfileViewController.m; sourceTree = "<group>"; };
/* End PBXFileReference section */

/* Begin PBXFrameworksBuildPhase section */
		F97CE65322DD4E1C004798EF /* Frameworks */ = {
			isa = PBXFrameworksBuildPhase;
			buildActionMask = 2147483647;
			files = (
				F97CE6AD22E0ECD7004798EF /* CoreLocation.framework in Frameworks */,
				0866223C6D672E9D88488C51 /* Pods_Decider.framework in Frameworks */,
			);
			runOnlyForDeploymentPostprocessing = 0;
		};
		F97CE66B22DD4E1D004798EF /* Frameworks */ = {
			isa = PBXFrameworksBuildPhase;
			buildActionMask = 2147483647;
			files = (
				19B0D6C16B340E5B55579E26 /* Pods_DeciderTests.framework in Frameworks */,
			);
			runOnlyForDeploymentPostprocessing = 0;
		};
		F97CE67622DD4E1D004798EF /* Frameworks */ = {
			isa = PBXFrameworksBuildPhase;
			buildActionMask = 2147483647;
			files = (
				15B7AE97DEED10E373C09D1F /* Pods_DeciderUITests.framework in Frameworks */,
			);
			runOnlyForDeploymentPostprocessing = 0;
		};
/* End PBXFrameworksBuildPhase section */

/* Begin PBXGroup section */
		4DD49F95CFDF327A1FD93E00 /* Pods */ = {
			isa = PBXGroup;
			children = (
				AC2A81FDC6C2F296EFC644F5 /* Pods-Decider.debug.xcconfig */,
				A6EB06F9FB19324095671D58 /* Pods-Decider.release.xcconfig */,
				A3FD9D476A27FDFD2B950649 /* Pods-DeciderTests.debug.xcconfig */,
				26B611E0C2BEE249C2C35721 /* Pods-DeciderTests.release.xcconfig */,
				B7CEF4CD609400ECC2E4E5C2 /* Pods-DeciderUITests.debug.xcconfig */,
				59164B7944757DB341C464BC /* Pods-DeciderUITests.release.xcconfig */,
			);
			path = Pods;
			sourceTree = "<group>";
		};
		DBFA312BA15C52B8D7C4CA16 /* Frameworks */ = {
			isa = PBXGroup;
			children = (
				F97CE6AC22E0ECD7004798EF /* CoreLocation.framework */,
				773AAEA063EAACACD758A0D6 /* Pods_Decider.framework */,
				26ACCCA742D4B0F9B59BCA34 /* Pods_DeciderTests.framework */,
				EC1782806DD0C9AAF03DA272 /* Pods_DeciderUITests.framework */,
			);
			name = Frameworks;
			sourceTree = "<group>";
		};
		F97CE64D22DD4E1C004798EF = {
			isa = PBXGroup;
			children = (
				F97CE65822DD4E1C004798EF /* Decider */,
				F97CE67122DD4E1D004798EF /* DeciderTests */,
				F97CE67C22DD4E1D004798EF /* DeciderUITests */,
				F97CE65722DD4E1C004798EF /* Products */,
				4DD49F95CFDF327A1FD93E00 /* Pods */,
				DBFA312BA15C52B8D7C4CA16 /* Frameworks */,
			);
			sourceTree = "<group>";
		};
		F97CE65722DD4E1C004798EF /* Products */ = {
			isa = PBXGroup;
			children = (
				F97CE65622DD4E1C004798EF /* Decider.app */,
				F97CE66E22DD4E1D004798EF /* DeciderTests.xctest */,
				F97CE67922DD4E1D004798EF /* DeciderUITests.xctest */,
			);
			name = Products;
			sourceTree = "<group>";
		};
		F97CE65822DD4E1C004798EF /* Decider */ = {
			isa = PBXGroup;
			children = (
				F97CE6AE22E13150004798EF /* API */,
				F97CE68D22DF8B90004798EF /* Models */,
				F97CE68C22DF8B87004798EF /* ViewControllers */,
				F97CE68B22DF8B81004798EF /* Views */,
				F97CE65922DD4E1C004798EF /* AppDelegate.h */,
				F97CE65A22DD4E1C004798EF /* AppDelegate.m */,
				F97CE65F22DD4E1C004798EF /* Main.storyboard */,
				F97CE66222DD4E1D004798EF /* Assets.xcassets */,
				F97CE66422DD4E1D004798EF /* LaunchScreen.storyboard */,
				F97CE66722DD4E1D004798EF /* Info.plist */,
				F97CE66822DD4E1D004798EF /* main.m */,
			);
			path = Decider;
			sourceTree = "<group>";
		};
		F97CE67122DD4E1D004798EF /* DeciderTests */ = {
			isa = PBXGroup;
			children = (
				F97CE67222DD4E1D004798EF /* DeciderTests.m */,
				F97CE67422DD4E1D004798EF /* Info.plist */,
			);
			path = DeciderTests;
			sourceTree = "<group>";
		};
		F97CE67C22DD4E1D004798EF /* DeciderUITests */ = {
			isa = PBXGroup;
			children = (
				F97CE67D22DD4E1D004798EF /* DeciderUITests.m */,
				F97CE67F22DD4E1D004798EF /* Info.plist */,
			);
			path = DeciderUITests;
			sourceTree = "<group>";
		};
		F97CE68B22DF8B81004798EF /* Views */ = {
			isa = PBXGroup;
			children = (
				F97CE69D22DFAA7B004798EF /* ChooseFoodView.h */,
				F97CE69E22DFAA7B004798EF /* ChooseFoodView.m */,
				F97CE6A022DFACA0004798EF /* ImageView.h */,
				F97CE6A122DFACA0004798EF /* ImageView.m */,
				F988729322E657B800F85972 /* PhotoCollectionCell.h */,
				F988729422E657B800F85972 /* PhotoCollectionCell.m */,
				F91047E122E681F20098D7B6 /* CityCell.h */,
				F91047E222E681F20098D7B6 /* CityCell.m */,
				F9CD455622E761340038D859 /* RecommendationCell.h */,
				F9CD455722E761340038D859 /* RecommendationCell.m */,
			);
			path = Views;
			sourceTree = "<group>";
		};
		F97CE68C22DF8B87004798EF /* ViewControllers */ = {
			isa = PBXGroup;
			children = (
				F97CE68E22DF8D65004798EF /* HomeViewController.h */,
				F97CE68F22DF8D65004798EF /* HomeViewController.m */,
				F97CE69122DF8D74004798EF /* DetailsViewController.h */,
				F97CE69222DF8D74004798EF /* DetailsViewController.m */,
				F97CE69422DF9489004798EF /* SwipeViewController.h */,
				F97CE69522DF9489004798EF /* SwipeViewController.m */,
				F9F33F9F22DF99A900032267 /* ReviewViewController.h */,
				F9F33FA022DF99A900032267 /* ReviewViewController.m */,
				F9F33FA222DF99C000032267 /* ProfileViewController.h */,
				F9F33FA322DF99C000032267 /* ProfileViewController.m */,
				F91F4D6822E8CAC800D8D1F5 /* LoginViewController.h */,
				F91F4D6922E8CAC800D8D1F5 /* LoginViewController.m */,
				F91F4D6B22E8CAD500D8D1F5 /* SignupViewController.h */,
				F91F4D6C22E8CAD500D8D1F5 /* SignupViewController.m */,
				F91F4D6E22EA501F00D8D1F5 /* EditProfileViewController.h */,
				F91F4D6F22EA501F00D8D1F5 /* EditProfileViewController.m */,
			);
			path = ViewControllers;
			sourceTree = "<group>";
		};
		F97CE68D22DF8B90004798EF /* Models */ = {
			isa = PBXGroup;
			children = (
				F97CE6A622DFE319004798EF /* Restaurant.h */,
				F97CE6A722DFE319004798EF /* Restaurant.m */,
				F91F4D6522E7CBEA00D8D1F5 /* Food.h */,
				F91F4D6622E7CBEA00D8D1F5 /* Food.m */,
			);
			path = Models;
			sourceTree = "<group>";
		};
		F97CE6AE22E13150004798EF /* API */ = {
			isa = PBXGroup;
			children = (
				8610AE3B22DFD53500957D7C /* Routes.h */,
				8610AE3C22DFD53500957D7C /* Routes.m */,
			);
			path = API;
			sourceTree = "<group>";
		};
/* End PBXGroup section */

/* Begin PBXNativeTarget section */
		F97CE65522DD4E1C004798EF /* Decider */ = {
			isa = PBXNativeTarget;
			buildConfigurationList = F97CE68222DD4E1D004798EF /* Build configuration list for PBXNativeTarget "Decider" */;
			buildPhases = (
				3E236ED58F84886399185B37 /* [CP] Check Pods Manifest.lock */,
				F97CE65222DD4E1C004798EF /* Sources */,
				F97CE65322DD4E1C004798EF /* Frameworks */,
				F97CE65422DD4E1C004798EF /* Resources */,
				951A4F7DC54CE7DA062EBF9C /* [CP] Embed Pods Frameworks */,
			);
			buildRules = (
			);
			dependencies = (
			);
			name = Decider;
			productName = Decider;
			productReference = F97CE65622DD4E1C004798EF /* Decider.app */;
			productType = "com.apple.product-type.application";
		};
		F97CE66D22DD4E1D004798EF /* DeciderTests */ = {
			isa = PBXNativeTarget;
			buildConfigurationList = F97CE68522DD4E1D004798EF /* Build configuration list for PBXNativeTarget "DeciderTests" */;
			buildPhases = (
				885FA603C1B9A08B34D1EBB1 /* [CP] Check Pods Manifest.lock */,
				F97CE66A22DD4E1D004798EF /* Sources */,
				F97CE66B22DD4E1D004798EF /* Frameworks */,
				F97CE66C22DD4E1D004798EF /* Resources */,
			);
			buildRules = (
			);
			dependencies = (
				F97CE67022DD4E1D004798EF /* PBXTargetDependency */,
			);
			name = DeciderTests;
			productName = DeciderTests;
			productReference = F97CE66E22DD4E1D004798EF /* DeciderTests.xctest */;
			productType = "com.apple.product-type.bundle.unit-test";
		};
		F97CE67822DD4E1D004798EF /* DeciderUITests */ = {
			isa = PBXNativeTarget;
			buildConfigurationList = F97CE68822DD4E1D004798EF /* Build configuration list for PBXNativeTarget "DeciderUITests" */;
			buildPhases = (
				933C852F99A5F227917ACE88 /* [CP] Check Pods Manifest.lock */,
				F97CE67522DD4E1D004798EF /* Sources */,
				F97CE67622DD4E1D004798EF /* Frameworks */,
				F97CE67722DD4E1D004798EF /* Resources */,
			);
			buildRules = (
			);
			dependencies = (
				F97CE67B22DD4E1D004798EF /* PBXTargetDependency */,
			);
			name = DeciderUITests;
			productName = DeciderUITests;
			productReference = F97CE67922DD4E1D004798EF /* DeciderUITests.xctest */;
			productType = "com.apple.product-type.bundle.ui-testing";
		};
/* End PBXNativeTarget section */

/* Begin PBXProject section */
		F97CE64E22DD4E1C004798EF /* Project object */ = {
			isa = PBXProject;
			attributes = {
				LastUpgradeCheck = 1020;
				ORGANIZATIONNAME = kchan23;
				TargetAttributes = {
					F97CE65522DD4E1C004798EF = {
						CreatedOnToolsVersion = 10.2.1;
					};
					F97CE66D22DD4E1D004798EF = {
						CreatedOnToolsVersion = 10.2.1;
						TestTargetID = F97CE65522DD4E1C004798EF;
					};
					F97CE67822DD4E1D004798EF = {
						CreatedOnToolsVersion = 10.2.1;
						TestTargetID = F97CE65522DD4E1C004798EF;
					};
				};
			};
			buildConfigurationList = F97CE65122DD4E1C004798EF /* Build configuration list for PBXProject "Decider" */;
			compatibilityVersion = "Xcode 9.3";
			developmentRegion = en;
			hasScannedForEncodings = 0;
			knownRegions = (
				en,
				Base,
			);
			mainGroup = F97CE64D22DD4E1C004798EF;
			productRefGroup = F97CE65722DD4E1C004798EF /* Products */;
			projectDirPath = "";
			projectRoot = "";
			targets = (
				F97CE65522DD4E1C004798EF /* Decider */,
				F97CE66D22DD4E1D004798EF /* DeciderTests */,
				F97CE67822DD4E1D004798EF /* DeciderUITests */,
			);
		};
/* End PBXProject section */

/* Begin PBXResourcesBuildPhase section */
		F97CE65422DD4E1C004798EF /* Resources */ = {
			isa = PBXResourcesBuildPhase;
			buildActionMask = 2147483647;
			files = (
				F97CE66622DD4E1D004798EF /* LaunchScreen.storyboard in Resources */,
				F97CE66322DD4E1D004798EF /* Assets.xcassets in Resources */,
				F97CE66122DD4E1C004798EF /* Main.storyboard in Resources */,
			);
			runOnlyForDeploymentPostprocessing = 0;
		};
		F97CE66C22DD4E1D004798EF /* Resources */ = {
			isa = PBXResourcesBuildPhase;
			buildActionMask = 2147483647;
			files = (
			);
			runOnlyForDeploymentPostprocessing = 0;
		};
		F97CE67722DD4E1D004798EF /* Resources */ = {
			isa = PBXResourcesBuildPhase;
			buildActionMask = 2147483647;
			files = (
			);
			runOnlyForDeploymentPostprocessing = 0;
		};
/* End PBXResourcesBuildPhase section */

/* Begin PBXShellScriptBuildPhase section */
		3E236ED58F84886399185B37 /* [CP] Check Pods Manifest.lock */ = {
			isa = PBXShellScriptBuildPhase;
			buildActionMask = 2147483647;
			files = (
			);
			inputFileListPaths = (
			);
			inputPaths = (
				"${PODS_PODFILE_DIR_PATH}/Podfile.lock",
				"${PODS_ROOT}/Manifest.lock",
			);
			name = "[CP] Check Pods Manifest.lock";
			outputFileListPaths = (
			);
			outputPaths = (
				"$(DERIVED_FILE_DIR)/Pods-Decider-checkManifestLockResult.txt",
			);
			runOnlyForDeploymentPostprocessing = 0;
			shellPath = /bin/sh;
			shellScript = "diff \"${PODS_PODFILE_DIR_PATH}/Podfile.lock\" \"${PODS_ROOT}/Manifest.lock\" > /dev/null\nif [ $? != 0 ] ; then\n    # print error to STDERR\n    echo \"error: The sandbox is not in sync with the Podfile.lock. Run 'pod install' or update your CocoaPods installation.\" >&2\n    exit 1\nfi\n# This output is used by Xcode 'outputs' to avoid re-running this script phase.\necho \"SUCCESS\" > \"${SCRIPT_OUTPUT_FILE_0}\"\n";
			showEnvVarsInLog = 0;
		};
		885FA603C1B9A08B34D1EBB1 /* [CP] Check Pods Manifest.lock */ = {
			isa = PBXShellScriptBuildPhase;
			buildActionMask = 2147483647;
			files = (
			);
			inputFileListPaths = (
			);
			inputPaths = (
				"${PODS_PODFILE_DIR_PATH}/Podfile.lock",
				"${PODS_ROOT}/Manifest.lock",
			);
			name = "[CP] Check Pods Manifest.lock";
			outputFileListPaths = (
			);
			outputPaths = (
				"$(DERIVED_FILE_DIR)/Pods-DeciderTests-checkManifestLockResult.txt",
			);
			runOnlyForDeploymentPostprocessing = 0;
			shellPath = /bin/sh;
			shellScript = "diff \"${PODS_PODFILE_DIR_PATH}/Podfile.lock\" \"${PODS_ROOT}/Manifest.lock\" > /dev/null\nif [ $? != 0 ] ; then\n    # print error to STDERR\n    echo \"error: The sandbox is not in sync with the Podfile.lock. Run 'pod install' or update your CocoaPods installation.\" >&2\n    exit 1\nfi\n# This output is used by Xcode 'outputs' to avoid re-running this script phase.\necho \"SUCCESS\" > \"${SCRIPT_OUTPUT_FILE_0}\"\n";
			showEnvVarsInLog = 0;
		};
		933C852F99A5F227917ACE88 /* [CP] Check Pods Manifest.lock */ = {
			isa = PBXShellScriptBuildPhase;
			buildActionMask = 2147483647;
			files = (
			);
			inputFileListPaths = (
			);
			inputPaths = (
				"${PODS_PODFILE_DIR_PATH}/Podfile.lock",
				"${PODS_ROOT}/Manifest.lock",
			);
			name = "[CP] Check Pods Manifest.lock";
			outputFileListPaths = (
			);
			outputPaths = (
				"$(DERIVED_FILE_DIR)/Pods-DeciderUITests-checkManifestLockResult.txt",
			);
			runOnlyForDeploymentPostprocessing = 0;
			shellPath = /bin/sh;
			shellScript = "diff \"${PODS_PODFILE_DIR_PATH}/Podfile.lock\" \"${PODS_ROOT}/Manifest.lock\" > /dev/null\nif [ $? != 0 ] ; then\n    # print error to STDERR\n    echo \"error: The sandbox is not in sync with the Podfile.lock. Run 'pod install' or update your CocoaPods installation.\" >&2\n    exit 1\nfi\n# This output is used by Xcode 'outputs' to avoid re-running this script phase.\necho \"SUCCESS\" > \"${SCRIPT_OUTPUT_FILE_0}\"\n";
			showEnvVarsInLog = 0;
		};
		951A4F7DC54CE7DA062EBF9C /* [CP] Embed Pods Frameworks */ = {
			isa = PBXShellScriptBuildPhase;
			buildActionMask = 2147483647;
			files = (
			);
			inputFileListPaths = (
				"${PODS_ROOT}/Target Support Files/Pods-Decider/Pods-Decider-frameworks-${CONFIGURATION}-input-files.xcfilelist",
			);
			name = "[CP] Embed Pods Frameworks";
			outputFileListPaths = (
				"${PODS_ROOT}/Target Support Files/Pods-Decider/Pods-Decider-frameworks-${CONFIGURATION}-output-files.xcfilelist",
			);
			runOnlyForDeploymentPostprocessing = 0;
			shellPath = /bin/sh;
			shellScript = "\"${PODS_ROOT}/Target Support Files/Pods-Decider/Pods-Decider-frameworks.sh\"\n";
			showEnvVarsInLog = 0;
		};
/* End PBXShellScriptBuildPhase section */

/* Begin PBXSourcesBuildPhase section */
		F97CE65222DD4E1C004798EF /* Sources */ = {
			isa = PBXSourcesBuildPhase;
			buildActionMask = 2147483647;
			files = (
				F953DF6F22EA868B00C41C43 /* ReviewViewController.m in Sources */,
				F953DF6E22EA868500C41C43 /* Routes.m in Sources */,
				F9E1F5FA22E11EE200458F0C /* HomeViewController.m in Sources */,
				F9CD455822E761340038D859 /* RecommendationCell.m in Sources */,
				F97CE66922DD4E1D004798EF /* main.m in Sources */,
				F97CE65B22DD4E1C004798EF /* AppDelegate.m in Sources */,
				F988729522E657B800F85972 /* PhotoCollectionCell.m in Sources */,
				F97CE6A822DFE319004798EF /* Restaurant.m in Sources */,
				F91F4D6722E7CBEA00D8D1F5 /* Food.m in Sources */,
				F9F33FA422DF99C000032267 /* ProfileViewController.m in Sources */,
				F97CE6A222DFACA0004798EF /* ImageView.m in Sources */,
				F91F4D6D22E8CAD500D8D1F5 /* SignupViewController.m in Sources */,
				F97CE69F22DFAA7B004798EF /* ChooseFoodView.m in Sources */,
				F91F4D6A22E8CAC800D8D1F5 /* LoginViewController.m in Sources */,
				F91F4D7022EA501F00D8D1F5 /* EditProfileViewController.m in Sources */,
				F97CE69622DF9489004798EF /* SwipeViewController.m in Sources */,
				F97CE69322DF8D74004798EF /* DetailsViewController.m in Sources */,
				F91047E322E681F20098D7B6 /* CityCell.m in Sources */,
			);
			runOnlyForDeploymentPostprocessing = 0;
		};
		F97CE66A22DD4E1D004798EF /* Sources */ = {
			isa = PBXSourcesBuildPhase;
			buildActionMask = 2147483647;
			files = (
				F97CE67322DD4E1D004798EF /* DeciderTests.m in Sources */,
			);
			runOnlyForDeploymentPostprocessing = 0;
		};
		F97CE67522DD4E1D004798EF /* Sources */ = {
			isa = PBXSourcesBuildPhase;
			buildActionMask = 2147483647;
			files = (
				F97CE67E22DD4E1D004798EF /* DeciderUITests.m in Sources */,
			);
			runOnlyForDeploymentPostprocessing = 0;
		};
/* End PBXSourcesBuildPhase section */

/* Begin PBXTargetDependency section */
		F97CE67022DD4E1D004798EF /* PBXTargetDependency */ = {
			isa = PBXTargetDependency;
			target = F97CE65522DD4E1C004798EF /* Decider */;
			targetProxy = F97CE66F22DD4E1D004798EF /* PBXContainerItemProxy */;
		};
		F97CE67B22DD4E1D004798EF /* PBXTargetDependency */ = {
			isa = PBXTargetDependency;
			target = F97CE65522DD4E1C004798EF /* Decider */;
			targetProxy = F97CE67A22DD4E1D004798EF /* PBXContainerItemProxy */;
		};
/* End PBXTargetDependency section */

/* Begin PBXVariantGroup section */
		F97CE65F22DD4E1C004798EF /* Main.storyboard */ = {
			isa = PBXVariantGroup;
			children = (
				F97CE66022DD4E1C004798EF /* Base */,
			);
			name = Main.storyboard;
			sourceTree = "<group>";
		};
		F97CE66422DD4E1D004798EF /* LaunchScreen.storyboard */ = {
			isa = PBXVariantGroup;
			children = (
				F97CE66522DD4E1D004798EF /* Base */,
			);
			name = LaunchScreen.storyboard;
			sourceTree = "<group>";
		};
/* End PBXVariantGroup section */

/* Begin XCBuildConfiguration section */
		F97CE68022DD4E1D004798EF /* Debug */ = {
			isa = XCBuildConfiguration;
			buildSettings = {
				ALWAYS_SEARCH_USER_PATHS = NO;
				CLANG_ANALYZER_NONNULL = YES;
				CLANG_ANALYZER_NUMBER_OBJECT_CONVERSION = YES_AGGRESSIVE;
				CLANG_CXX_LANGUAGE_STANDARD = "gnu++14";
				CLANG_CXX_LIBRARY = "libc++";
				CLANG_ENABLE_MODULES = YES;
				CLANG_ENABLE_OBJC_ARC = YES;
				CLANG_ENABLE_OBJC_WEAK = YES;
				CLANG_WARN_BLOCK_CAPTURE_AUTORELEASING = YES;
				CLANG_WARN_BOOL_CONVERSION = YES;
				CLANG_WARN_COMMA = YES;
				CLANG_WARN_CONSTANT_CONVERSION = YES;
				CLANG_WARN_DEPRECATED_OBJC_IMPLEMENTATIONS = YES;
				CLANG_WARN_DIRECT_OBJC_ISA_USAGE = YES_ERROR;
				CLANG_WARN_DOCUMENTATION_COMMENTS = YES;
				CLANG_WARN_EMPTY_BODY = YES;
				CLANG_WARN_ENUM_CONVERSION = YES;
				CLANG_WARN_INFINITE_RECURSION = YES;
				CLANG_WARN_INT_CONVERSION = YES;
				CLANG_WARN_NON_LITERAL_NULL_CONVERSION = YES;
				CLANG_WARN_OBJC_IMPLICIT_RETAIN_SELF = YES;
				CLANG_WARN_OBJC_LITERAL_CONVERSION = YES;
				CLANG_WARN_OBJC_ROOT_CLASS = YES_ERROR;
				CLANG_WARN_RANGE_LOOP_ANALYSIS = YES;
				CLANG_WARN_STRICT_PROTOTYPES = YES;
				CLANG_WARN_SUSPICIOUS_MOVE = YES;
				CLANG_WARN_UNGUARDED_AVAILABILITY = YES_AGGRESSIVE;
				CLANG_WARN_UNREACHABLE_CODE = YES;
				CLANG_WARN__DUPLICATE_METHOD_MATCH = YES;
				CODE_SIGN_IDENTITY = "iPhone Developer";
				COPY_PHASE_STRIP = NO;
				DEBUG_INFORMATION_FORMAT = dwarf;
				ENABLE_STRICT_OBJC_MSGSEND = YES;
				ENABLE_TESTABILITY = YES;
				GCC_C_LANGUAGE_STANDARD = gnu11;
				GCC_DYNAMIC_NO_PIC = NO;
				GCC_NO_COMMON_BLOCKS = YES;
				GCC_OPTIMIZATION_LEVEL = 0;
				GCC_PREPROCESSOR_DEFINITIONS = (
					"DEBUG=1",
					"$(inherited)",
				);
				GCC_WARN_64_TO_32_BIT_CONVERSION = YES;
				GCC_WARN_ABOUT_RETURN_TYPE = YES_ERROR;
				GCC_WARN_UNDECLARED_SELECTOR = YES;
				GCC_WARN_UNINITIALIZED_AUTOS = YES_AGGRESSIVE;
				GCC_WARN_UNUSED_FUNCTION = YES;
				GCC_WARN_UNUSED_VARIABLE = YES;
				IPHONEOS_DEPLOYMENT_TARGET = 12.2;
				MTL_ENABLE_DEBUG_INFO = INCLUDE_SOURCE;
				MTL_FAST_MATH = YES;
				ONLY_ACTIVE_ARCH = YES;
				SDKROOT = iphoneos;
			};
			name = Debug;
		};
		F97CE68122DD4E1D004798EF /* Release */ = {
			isa = XCBuildConfiguration;
			buildSettings = {
				ALWAYS_SEARCH_USER_PATHS = NO;
				CLANG_ANALYZER_NONNULL = YES;
				CLANG_ANALYZER_NUMBER_OBJECT_CONVERSION = YES_AGGRESSIVE;
				CLANG_CXX_LANGUAGE_STANDARD = "gnu++14";
				CLANG_CXX_LIBRARY = "libc++";
				CLANG_ENABLE_MODULES = YES;
				CLANG_ENABLE_OBJC_ARC = YES;
				CLANG_ENABLE_OBJC_WEAK = YES;
				CLANG_WARN_BLOCK_CAPTURE_AUTORELEASING = YES;
				CLANG_WARN_BOOL_CONVERSION = YES;
				CLANG_WARN_COMMA = YES;
				CLANG_WARN_CONSTANT_CONVERSION = YES;
				CLANG_WARN_DEPRECATED_OBJC_IMPLEMENTATIONS = YES;
				CLANG_WARN_DIRECT_OBJC_ISA_USAGE = YES_ERROR;
				CLANG_WARN_DOCUMENTATION_COMMENTS = YES;
				CLANG_WARN_EMPTY_BODY = YES;
				CLANG_WARN_ENUM_CONVERSION = YES;
				CLANG_WARN_INFINITE_RECURSION = YES;
				CLANG_WARN_INT_CONVERSION = YES;
				CLANG_WARN_NON_LITERAL_NULL_CONVERSION = YES;
				CLANG_WARN_OBJC_IMPLICIT_RETAIN_SELF = YES;
				CLANG_WARN_OBJC_LITERAL_CONVERSION = YES;
				CLANG_WARN_OBJC_ROOT_CLASS = YES_ERROR;
				CLANG_WARN_RANGE_LOOP_ANALYSIS = YES;
				CLANG_WARN_STRICT_PROTOTYPES = YES;
				CLANG_WARN_SUSPICIOUS_MOVE = YES;
				CLANG_WARN_UNGUARDED_AVAILABILITY = YES_AGGRESSIVE;
				CLANG_WARN_UNREACHABLE_CODE = YES;
				CLANG_WARN__DUPLICATE_METHOD_MATCH = YES;
				CODE_SIGN_IDENTITY = "iPhone Developer";
				COPY_PHASE_STRIP = NO;
				DEBUG_INFORMATION_FORMAT = "dwarf-with-dsym";
				ENABLE_NS_ASSERTIONS = NO;
				ENABLE_STRICT_OBJC_MSGSEND = YES;
				GCC_C_LANGUAGE_STANDARD = gnu11;
				GCC_NO_COMMON_BLOCKS = YES;
				GCC_WARN_64_TO_32_BIT_CONVERSION = YES;
				GCC_WARN_ABOUT_RETURN_TYPE = YES_ERROR;
				GCC_WARN_UNDECLARED_SELECTOR = YES;
				GCC_WARN_UNINITIALIZED_AUTOS = YES_AGGRESSIVE;
				GCC_WARN_UNUSED_FUNCTION = YES;
				GCC_WARN_UNUSED_VARIABLE = YES;
				IPHONEOS_DEPLOYMENT_TARGET = 12.2;
				MTL_ENABLE_DEBUG_INFO = NO;
				MTL_FAST_MATH = YES;
				SDKROOT = iphoneos;
				VALIDATE_PRODUCT = YES;
			};
			name = Release;
		};
		F97CE68322DD4E1D004798EF /* Debug */ = {
			isa = XCBuildConfiguration;
			baseConfigurationReference = AC2A81FDC6C2F296EFC644F5 /* Pods-Decider.debug.xcconfig */;
			buildSettings = {
				ASSETCATALOG_COMPILER_APPICON_NAME = AppIcon;
				CODE_SIGN_STYLE = Automatic;
				DEVELOPMENT_TEAM = 4XDFC548L2;
				INFOPLIST_FILE = Decider/Info.plist;
				LD_RUNPATH_SEARCH_PATHS = (
					"$(inherited)",
					"@executable_path/Frameworks",
				);
				PRODUCT_BUNDLE_IDENTIFIER = com.katelin.chan.Decider;
				PRODUCT_NAME = "$(TARGET_NAME)";
				TARGETED_DEVICE_FAMILY = "1,2";
			};
			name = Debug;
		};
		F97CE68422DD4E1D004798EF /* Release */ = {
			isa = XCBuildConfiguration;
			baseConfigurationReference = A6EB06F9FB19324095671D58 /* Pods-Decider.release.xcconfig */;
			buildSettings = {
				ASSETCATALOG_COMPILER_APPICON_NAME = AppIcon;
				CODE_SIGN_STYLE = Automatic;
				DEVELOPMENT_TEAM = 4XDFC548L2;
				INFOPLIST_FILE = Decider/Info.plist;
				LD_RUNPATH_SEARCH_PATHS = (
					"$(inherited)",
					"@executable_path/Frameworks",
				);
				PRODUCT_BUNDLE_IDENTIFIER = com.katelin.chan.Decider;
				PRODUCT_NAME = "$(TARGET_NAME)";
				TARGETED_DEVICE_FAMILY = "1,2";
			};
			name = Release;
		};
		F97CE68622DD4E1D004798EF /* Debug */ = {
			isa = XCBuildConfiguration;
			baseConfigurationReference = A3FD9D476A27FDFD2B950649 /* Pods-DeciderTests.debug.xcconfig */;
			buildSettings = {
				BUNDLE_LOADER = "$(TEST_HOST)";
				CODE_SIGN_STYLE = Automatic;
				DEVELOPMENT_TEAM = 4XDFC548L2;
				INFOPLIST_FILE = DeciderTests/Info.plist;
				LD_RUNPATH_SEARCH_PATHS = (
					"$(inherited)",
					"@executable_path/Frameworks",
					"@loader_path/Frameworks",
				);
				PRODUCT_BUNDLE_IDENTIFIER = com.katelin.chan.DeciderTests;
				PRODUCT_NAME = "$(TARGET_NAME)";
				TARGETED_DEVICE_FAMILY = "1,2";
				TEST_HOST = "$(BUILT_PRODUCTS_DIR)/Decider.app/Decider";
			};
			name = Debug;
		};
		F97CE68722DD4E1D004798EF /* Release */ = {
			isa = XCBuildConfiguration;
			baseConfigurationReference = 26B611E0C2BEE249C2C35721 /* Pods-DeciderTests.release.xcconfig */;
			buildSettings = {
				BUNDLE_LOADER = "$(TEST_HOST)";
				CODE_SIGN_STYLE = Automatic;
				DEVELOPMENT_TEAM = 4XDFC548L2;
				INFOPLIST_FILE = DeciderTests/Info.plist;
				LD_RUNPATH_SEARCH_PATHS = (
					"$(inherited)",
					"@executable_path/Frameworks",
					"@loader_path/Frameworks",
				);
				PRODUCT_BUNDLE_IDENTIFIER = com.katelin.chan.DeciderTests;
				PRODUCT_NAME = "$(TARGET_NAME)";
				TARGETED_DEVICE_FAMILY = "1,2";
				TEST_HOST = "$(BUILT_PRODUCTS_DIR)/Decider.app/Decider";
			};
			name = Release;
		};
		F97CE68922DD4E1D004798EF /* Debug */ = {
			isa = XCBuildConfiguration;
			baseConfigurationReference = B7CEF4CD609400ECC2E4E5C2 /* Pods-DeciderUITests.debug.xcconfig */;
			buildSettings = {
				CODE_SIGN_STYLE = Automatic;
				DEVELOPMENT_TEAM = 4N468U4NDV;
				INFOPLIST_FILE = DeciderUITests/Info.plist;
				LD_RUNPATH_SEARCH_PATHS = (
					"$(inherited)",
					"@executable_path/Frameworks",
					"@loader_path/Frameworks",
				);
				PRODUCT_BUNDLE_IDENTIFIER = com.katelin.chan.DeciderUITests;
				PRODUCT_NAME = "$(TARGET_NAME)";
				TARGETED_DEVICE_FAMILY = "1,2";
				TEST_TARGET_NAME = Decider;
			};
			name = Debug;
		};
		F97CE68A22DD4E1D004798EF /* Release */ = {
			isa = XCBuildConfiguration;
			baseConfigurationReference = 59164B7944757DB341C464BC /* Pods-DeciderUITests.release.xcconfig */;
			buildSettings = {
				CODE_SIGN_STYLE = Automatic;
				DEVELOPMENT_TEAM = 4N468U4NDV;
				INFOPLIST_FILE = DeciderUITests/Info.plist;
				LD_RUNPATH_SEARCH_PATHS = (
					"$(inherited)",
					"@executable_path/Frameworks",
					"@loader_path/Frameworks",
				);
				PRODUCT_BUNDLE_IDENTIFIER = com.katelin.chan.DeciderUITests;
				PRODUCT_NAME = "$(TARGET_NAME)";
				TARGETED_DEVICE_FAMILY = "1,2";
				TEST_TARGET_NAME = Decider;
			};
			name = Release;
		};
/* End XCBuildConfiguration section */

/* Begin XCConfigurationList section */
		F97CE65122DD4E1C004798EF /* Build configuration list for PBXProject "Decider" */ = {
			isa = XCConfigurationList;
			buildConfigurations = (
				F97CE68022DD4E1D004798EF /* Debug */,
				F97CE68122DD4E1D004798EF /* Release */,
			);
			defaultConfigurationIsVisible = 0;
			defaultConfigurationName = Release;
		};
		F97CE68222DD4E1D004798EF /* Build configuration list for PBXNativeTarget "Decider" */ = {
			isa = XCConfigurationList;
			buildConfigurations = (
				F97CE68322DD4E1D004798EF /* Debug */,
				F97CE68422DD4E1D004798EF /* Release */,
			);
			defaultConfigurationIsVisible = 0;
			defaultConfigurationName = Release;
		};
		F97CE68522DD4E1D004798EF /* Build configuration list for PBXNativeTarget "DeciderTests" */ = {
			isa = XCConfigurationList;
			buildConfigurations = (
				F97CE68622DD4E1D004798EF /* Debug */,
				F97CE68722DD4E1D004798EF /* Release */,
			);
			defaultConfigurationIsVisible = 0;
			defaultConfigurationName = Release;
		};
		F97CE68822DD4E1D004798EF /* Build configuration list for PBXNativeTarget "DeciderUITests" */ = {
			isa = XCConfigurationList;
			buildConfigurations = (
				F97CE68922DD4E1D004798EF /* Debug */,
				F97CE68A22DD4E1D004798EF /* Release */,
			);
			defaultConfigurationIsVisible = 0;
			defaultConfigurationName = Release;
		};
/* End XCConfigurationList section */
	};
	rootObject = F97CE64E22DD4E1C004798EF /* Project object */;
}
