// !$*UTF8*$!
{
	archiveVersion = 1;
	classes = {
	};
	objectVersion = 50;
	objects = {

/* Begin PBXBuildFile section */
		F97CE65B22DD4E1C004798EF /* AppDelegate.m in Sources */ = {isa = PBXBuildFile; fileRef = F97CE65A22DD4E1C004798EF /* AppDelegate.m */; };
		F97CE65E22DD4E1C004798EF /* ViewController.m in Sources */ = {isa = PBXBuildFile; fileRef = F97CE65D22DD4E1C004798EF /* ViewController.m */; };
		F97CE66122DD4E1C004798EF /* Main.storyboard in Resources */ = {isa = PBXBuildFile; fileRef = F97CE65F22DD4E1C004798EF /* Main.storyboard */; };
		F97CE66322DD4E1D004798EF /* Assets.xcassets in Resources */ = {isa = PBXBuildFile; fileRef = F97CE66222DD4E1D004798EF /* Assets.xcassets */; };
		F97CE66622DD4E1D004798EF /* LaunchScreen.storyboard in Resources */ = {isa = PBXBuildFile; fileRef = F97CE66422DD4E1D004798EF /* LaunchScreen.storyboard */; };
		F97CE66922DD4E1D004798EF /* main.m in Sources */ = {isa = PBXBuildFile; fileRef = F97CE66822DD4E1D004798EF /* main.m */; };
		F97CE67322DD4E1D004798EF /* DeciderTests.m in Sources */ = {isa = PBXBuildFile; fileRef = F97CE67222DD4E1D004798EF /* DeciderTests.m */; };
		F97CE67E22DD4E1D004798EF /* DeciderUITests.m in Sources */ = {isa = PBXBuildFile; fileRef = F97CE67D22DD4E1D004798EF /* DeciderUITests.m */; };
/* End PBXBuildFile section */

/* Begin PBXContainerItemProxy section */
		F97CE66F22DD4E1D004798EF /* PBXContainerItemProxy */ = {
			isa = PBXContainerItemProxy;
			containerPortal = F97CE64E22DD4E1C004798EF /* Project object */;
			proxyType = 1;
			remoteGlobalIDString = F97CE65522DD4E1C004798EF;
			remoteInfo = Decider;
		};
		F97CE67A22DD4E1D004798EF /* PBXContainerItemProxy */ = {
			isa = PBXContainerItemProxy;
			containerPortal = F97CE64E22DD4E1C004798EF /* Project object */;
			proxyType = 1;
			remoteGlobalIDString = F97CE65522DD4E1C004798EF;
			remoteInfo = Decider;
		};
/* End PBXContainerItemProxy section */

/* Begin PBXFileReference section */
		F97CE65622DD4E1C004798EF /* Decider.app */ = {isa = PBXFileReference; explicitFileType = wrapper.application; includeInIndex = 0; path = Decider.app; sourceTree = BUILT_PRODUCTS_DIR; };
		F97CE65922DD4E1C004798EF /* AppDelegate.h */ = {isa = PBXFileReference; lastKnownFileType = sourcecode.c.h; path = AppDelegate.h; sourceTree = "<group>"; };
		F97CE65A22DD4E1C004798EF /* AppDelegate.m */ = {isa = PBXFileReference; lastKnownFileType = sourcecode.c.objc; path = AppDelegate.m; sourceTree = "<group>"; };
		F97CE65C22DD4E1C004798EF /* ViewController.h */ = {isa = PBXFileReference; lastKnownFileType = sourcecode.c.h; path = ViewController.h; sourceTree = "<group>"; };
		F97CE65D22DD4E1C004798EF /* ViewController.m */ = {isa = PBXFileReference; lastKnownFileType = sourcecode.c.objc; path = ViewController.m; sourceTree = "<group>"; };
		F97CE66022DD4E1C004798EF /* Base */ = {isa = PBXFileReference; lastKnownFileType = file.storyboard; name = Base; path = Base.lproj/Main.storyboard; sourceTree = "<group>"; };
		F97CE66222DD4E1D004798EF /* Assets.xcassets */ = {isa = PBXFileReference; lastKnownFileType = folder.assetcatalog; path = Assets.xcassets; sourceTree = "<group>"; };
		F97CE66522DD4E1D004798EF /* Base */ = {isa = PBXFileReference; lastKnownFileType = file.storyboard; name = Base; path = Base.lproj/LaunchScreen.storyboard; sourceTree = "<group>"; };
		F97CE66722DD4E1D004798EF /* Info.plist */ = {isa = PBXFileReference; lastKnownFileType = text.plist.xml; path = Info.plist; sourceTree = "<group>"; };
		F97CE66822DD4E1D004798EF /* main.m */ = {isa = PBXFileReference; lastKnownFileType = sourcecode.c.objc; path = main.m; sourceTree = "<group>"; };
		F97CE66E22DD4E1D004798EF /* DeciderTests.xctest */ = {isa = PBXFileReference; explicitFileType = wrapper.cfbundle; includeInIndex = 0; path = DeciderTests.xctest; sourceTree = BUILT_PRODUCTS_DIR; };
		F97CE67222DD4E1D004798EF /* DeciderTests.m */ = {isa = PBXFileReference; lastKnownFileType = sourcecode.c.objc; path = DeciderTests.m; sourceTree = "<group>"; };
		F97CE67422DD4E1D004798EF /* Info.plist */ = {isa = PBXFileReference; lastKnownFileType = text.plist.xml; path = Info.plist; sourceTree = "<group>"; };
		F97CE67922DD4E1D004798EF /* DeciderUITests.xctest */ = {isa = PBXFileReference; explicitFileType = wrapper.cfbundle; includeInIndex = 0; path = DeciderUITests.xctest; sourceTree = BUILT_PRODUCTS_DIR; };
		F97CE67D22DD4E1D004798EF /* DeciderUITests.m */ = {isa = PBXFileReference; lastKnownFileType = sourcecode.c.objc; path = DeciderUITests.m; sourceTree = "<group>"; };
		F97CE67F22DD4E1D004798EF /* Info.plist */ = {isa = PBXFileReference; lastKnownFileType = text.plist.xml; path = Info.plist; sourceTree = "<group>"; };
/* End PBXFileReference section */

/* Begin PBXFrameworksBuildPhase section */
		F97CE65322DD4E1C004798EF /* Frameworks */ = {
			isa = PBXFrameworksBuildPhase;
			buildActionMask = 2147483647;
			files = (
			);
			runOnlyForDeploymentPostprocessing = 0;
		};
		F97CE66B22DD4E1D004798EF /* Frameworks */ = {
			isa = PBXFrameworksBuildPhase;
			buildActionMask = 2147483647;
			files = (
			);
			runOnlyForDeploymentPostprocessing = 0;
		};
		F97CE67622DD4E1D004798EF /* Frameworks */ = {
			isa = PBXFrameworksBuildPhase;
			buildActionMask = 2147483647;
			files = (
			);
			runOnlyForDeploymentPostprocessing = 0;
		};
/* End PBXFrameworksBuildPhase section */

/* Begin PBXGroup section */
		F97CE64D22DD4E1C004798EF = {
			isa = PBXGroup;
			children = (
				F97CE65822DD4E1C004798EF /* Decider */,
				F97CE67122DD4E1D004798EF /* DeciderTests */,
				F97CE67C22DD4E1D004798EF /* DeciderUITests */,
				F97CE65722DD4E1C004798EF /* Products */,
			);
			sourceTree = "<group>";
		};
		F97CE65722DD4E1C004798EF /* Products */ = {
			isa = PBXGroup;
			children = (
				F97CE65622DD4E1C004798EF /* Decider.app */,
				F97CE66E22DD4E1D004798EF /* DeciderTests.xctest */,
				F97CE67922DD4E1D004798EF /* DeciderUITests.xctest */,
			);
			name = Products;
			sourceTree = "<group>";
		};
		F97CE65822DD4E1C004798EF /* Decider */ = {
			isa = PBXGroup;
			children = (
				F97CE65922DD4E1C004798EF /* AppDelegate.h */,
				F97CE65A22DD4E1C004798EF /* AppDelegate.m */,
				F97CE65C22DD4E1C004798EF /* ViewController.h */,
				F97CE65D22DD4E1C004798EF /* ViewController.m */,
				F97CE65F22DD4E1C004798EF /* Main.storyboard */,
				F97CE66222DD4E1D004798EF /* Assets.xcassets */,
				F97CE66422DD4E1D004798EF /* LaunchScreen.storyboard */,
				F97CE66722DD4E1D004798EF /* Info.plist */,
				F97CE66822DD4E1D004798EF /* main.m */,
			);
			path = Decider;
			sourceTree = "<group>";
		};
		F97CE67122DD4E1D004798EF /* DeciderTests */ = {
			isa = PBXGroup;
			children = (
				F97CE67222DD4E1D004798EF /* DeciderTests.m */,
				F97CE67422DD4E1D004798EF /* Info.plist */,
			);
			path = DeciderTests;
			sourceTree = "<group>";
		};
		F97CE67C22DD4E1D004798EF /* DeciderUITests */ = {
			isa = PBXGroup;
			children = (
				F97CE67D22DD4E1D004798EF /* DeciderUITests.m */,
				F97CE67F22DD4E1D004798EF /* Info.plist */,
			);
			path = DeciderUITests;
			sourceTree = "<group>";
		};
/* End PBXGroup section */

/* Begin PBXNativeTarget section */
		F97CE65522DD4E1C004798EF /* Decider */ = {
			isa = PBXNativeTarget;
			buildConfigurationList = F97CE68222DD4E1D004798EF /* Build configuration list for PBXNativeTarget "Decider" */;
			buildPhases = (
				F97CE65222DD4E1C004798EF /* Sources */,
				F97CE65322DD4E1C004798EF /* Frameworks */,
				F97CE65422DD4E1C004798EF /* Resources */,
			);
			buildRules = (
			);
			dependencies = (
			);
			name = Decider;
			productName = Decider;
			productReference = F97CE65622DD4E1C004798EF /* Decider.app */;
			productType = "com.apple.product-type.application";
		};
		F97CE66D22DD4E1D004798EF /* DeciderTests */ = {
			isa = PBXNativeTarget;
			buildConfigurationList = F97CE68522DD4E1D004798EF /* Build configuration list for PBXNativeTarget "DeciderTests" */;
			buildPhases = (
				F97CE66A22DD4E1D004798EF /* Sources */,
				F97CE66B22DD4E1D004798EF /* Frameworks */,
				F97CE66C22DD4E1D004798EF /* Resources */,
			);
			buildRules = (
			);
			dependencies = (
				F97CE67022DD4E1D004798EF /* PBXTargetDependency */,
			);
			name = DeciderTests;
			productName = DeciderTests;
			productReference = F97CE66E22DD4E1D004798EF /* DeciderTests.xctest */;
			productType = "com.apple.product-type.bundle.unit-test";
		};
		F97CE67822DD4E1D004798EF /* DeciderUITests */ = {
			isa = PBXNativeTarget;
			buildConfigurationList = F97CE68822DD4E1D004798EF /* Build configuration list for PBXNativeTarget "DeciderUITests" */;
			buildPhases = (
				F97CE67522DD4E1D004798EF /* Sources */,
				F97CE67622DD4E1D004798EF /* Frameworks */,
				F97CE67722DD4E1D004798EF /* Resources */,
			);
			buildRules = (
			);
			dependencies = (
				F97CE67B22DD4E1D004798EF /* PBXTargetDependency */,
			);
			name = DeciderUITests;
			productName = DeciderUITests;
			productReference = F97CE67922DD4E1D004798EF /* DeciderUITests.xctest */;
			productType = "com.apple.product-type.bundle.ui-testing";
		};
/* End PBXNativeTarget section */

/* Begin PBXProject section */
		F97CE64E22DD4E1C004798EF /* Project object */ = {
			isa = PBXProject;
			attributes = {
				LastUpgradeCheck = 1020;
				ORGANIZATIONNAME = kchan23;
				TargetAttributes = {
					F97CE65522DD4E1C004798EF = {
						CreatedOnToolsVersion = 10.2.1;
					};
					F97CE66D22DD4E1D004798EF = {
						CreatedOnToolsVersion = 10.2.1;
						TestTargetID = F97CE65522DD4E1C004798EF;
					};
					F97CE67822DD4E1D004798EF = {
						CreatedOnToolsVersion = 10.2.1;
						TestTargetID = F97CE65522DD4E1C004798EF;
					};
				};
			};
			buildConfigurationList = F97CE65122DD4E1C004798EF /* Build configuration list for PBXProject "Decider" */;
			compatibilityVersion = "Xcode 9.3";
			developmentRegion = en;
			hasScannedForEncodings = 0;
			knownRegions = (
				en,
				Base,
			);
			mainGroup = F97CE64D22DD4E1C004798EF;
			productRefGroup = F97CE65722DD4E1C004798EF /* Products */;
			projectDirPath = "";
			projectRoot = "";
			targets = (
				F97CE65522DD4E1C004798EF /* Decider */,
				F97CE66D22DD4E1D004798EF /* DeciderTests */,
				F97CE67822DD4E1D004798EF /* DeciderUITests */,
			);
		};
/* End PBXProject section */

/* Begin PBXResourcesBuildPhase section */
		F97CE65422DD4E1C004798EF /* Resources */ = {
			isa = PBXResourcesBuildPhase;
			buildActionMask = 2147483647;
			files = (
				F97CE66622DD4E1D004798EF /* LaunchScreen.storyboard in Resources */,
				F97CE66322DD4E1D004798EF /* Assets.xcassets in Resources */,
				F97CE66122DD4E1C004798EF /* Main.storyboard in Resources */,
			);
			runOnlyForDeploymentPostprocessing = 0;
		};
		F97CE66C22DD4E1D004798EF /* Resources */ = {
			isa = PBXResourcesBuildPhase;
			buildActionMask = 2147483647;
			files = (
			);
			runOnlyForDeploymentPostprocessing = 0;
		};
		F97CE67722DD4E1D004798EF /* Resources */ = {
			isa = PBXResourcesBuildPhase;
			buildActionMask = 2147483647;
			files = (
			);
			runOnlyForDeploymentPostprocessing = 0;
		};
/* End PBXResourcesBuildPhase section */

/* Begin PBXSourcesBuildPhase section */
		F97CE65222DD4E1C004798EF /* Sources */ = {
			isa = PBXSourcesBuildPhase;
			buildActionMask = 2147483647;
			files = (
				F97CE65E22DD4E1C004798EF /* ViewController.m in Sources */,
				F97CE66922DD4E1D004798EF /* main.m in Sources */,
				F97CE65B22DD4E1C004798EF /* AppDelegate.m in Sources */,
			);
			runOnlyForDeploymentPostprocessing = 0;
		};
		F97CE66A22DD4E1D004798EF /* Sources */ = {
			isa = PBXSourcesBuildPhase;
			buildActionMask = 2147483647;
			files = (
				F97CE67322DD4E1D004798EF /* DeciderTests.m in Sources */,
			);
			runOnlyForDeploymentPostprocessing = 0;
		};
		F97CE67522DD4E1D004798EF /* Sources */ = {
			isa = PBXSourcesBuildPhase;
			buildActionMask = 2147483647;
			files = (
				F97CE67E22DD4E1D004798EF /* DeciderUITests.m in Sources */,
			);
			runOnlyForDeploymentPostprocessing = 0;
		};
/* End PBXSourcesBuildPhase section */

/* Begin PBXTargetDependency section */
		F97CE67022DD4E1D004798EF /* PBXTargetDependency */ = {
			isa = PBXTargetDependency;
			target = F97CE65522DD4E1C004798EF /* Decider */;
			targetProxy = F97CE66F22DD4E1D004798EF /* PBXContainerItemProxy */;
		};
		F97CE67B22DD4E1D004798EF /* PBXTargetDependency */ = {
			isa = PBXTargetDependency;
			target = F97CE65522DD4E1C004798EF /* Decider */;
			targetProxy = F97CE67A22DD4E1D004798EF /* PBXContainerItemProxy */;
		};
/* End PBXTargetDependency section */

/* Begin PBXVariantGroup section */
		F97CE65F22DD4E1C004798EF /* Main.storyboard */ = {
			isa = PBXVariantGroup;
			children = (
				F97CE66022DD4E1C004798EF /* Base */,
			);
			name = Main.storyboard;
			sourceTree = "<group>";
		};
		F97CE66422DD4E1D004798EF /* LaunchScreen.storyboard */ = {
			isa = PBXVariantGroup;
			children = (
				F97CE66522DD4E1D004798EF /* Base */,
			);
			name = LaunchScreen.storyboard;
			sourceTree = "<group>";
		};
/* End PBXVariantGroup section */

/* Begin XCBuildConfiguration section */
		F97CE68022DD4E1D004798EF /* Debug */ = {
			isa = XCBuildConfiguration;
			buildSettings = {
				ALWAYS_SEARCH_USER_PATHS = NO;
				CLANG_ANALYZER_NONNULL = YES;
				CLANG_ANALYZER_NUMBER_OBJECT_CONVERSION = YES_AGGRESSIVE;
				CLANG_CXX_LANGUAGE_STANDARD = "gnu++14";
				CLANG_CXX_LIBRARY = "libc++";
				CLANG_ENABLE_MODULES = YES;
				CLANG_ENABLE_OBJC_ARC = YES;
				CLANG_ENABLE_OBJC_WEAK = YES;
				CLANG_WARN_BLOCK_CAPTURE_AUTORELEASING = YES;
				CLANG_WARN_BOOL_CONVERSION = YES;
				CLANG_WARN_COMMA = YES;
				CLANG_WARN_CONSTANT_CONVERSION = YES;
				CLANG_WARN_DEPRECATED_OBJC_IMPLEMENTATIONS = YES;
				CLANG_WARN_DIRECT_OBJC_ISA_USAGE = YES_ERROR;
				CLANG_WARN_DOCUMENTATION_COMMENTS = YES;
				CLANG_WARN_EMPTY_BODY = YES;
				CLANG_WARN_ENUM_CONVERSION = YES;
				CLANG_WARN_INFINITE_RECURSION = YES;
				CLANG_WARN_INT_CONVERSION = YES;
				CLANG_WARN_NON_LITERAL_NULL_CONVERSION = YES;
				CLANG_WARN_OBJC_IMPLICIT_RETAIN_SELF = YES;
				CLANG_WARN_OBJC_LITERAL_CONVERSION = YES;
				CLANG_WARN_OBJC_ROOT_CLASS = YES_ERROR;
				CLANG_WARN_RANGE_LOOP_ANALYSIS = YES;
				CLANG_WARN_STRICT_PROTOTYPES = YES;
				CLANG_WARN_SUSPICIOUS_MOVE = YES;
				CLANG_WARN_UNGUARDED_AVAILABILITY = YES_AGGRESSIVE;
				CLANG_WARN_UNREACHABLE_CODE = YES;
				CLANG_WARN__DUPLICATE_METHOD_MATCH = YES;
				CODE_SIGN_IDENTITY = "iPhone Developer";
				COPY_PHASE_STRIP = NO;
				DEBUG_INFORMATION_FORMAT = dwarf;
				ENABLE_STRICT_OBJC_MSGSEND = YES;
				ENABLE_TESTABILITY = YES;
				GCC_C_LANGUAGE_STANDARD = gnu11;
				GCC_DYNAMIC_NO_PIC = NO;
				GCC_NO_COMMON_BLOCKS = YES;
				GCC_OPTIMIZATION_LEVEL = 0;
				GCC_PREPROCESSOR_DEFINITIONS = (
					"DEBUG=1",
					"$(inherited)",
				);
				GCC_WARN_64_TO_32_BIT_CONVERSION = YES;
				GCC_WARN_ABOUT_RETURN_TYPE = YES_ERROR;
				GCC_WARN_UNDECLARED_SELECTOR = YES;
				GCC_WARN_UNINITIALIZED_AUTOS = YES_AGGRESSIVE;
				GCC_WARN_UNUSED_FUNCTION = YES;
				GCC_WARN_UNUSED_VARIABLE = YES;
				IPHONEOS_DEPLOYMENT_TARGET = 12.2;
				MTL_ENABLE_DEBUG_INFO = INCLUDE_SOURCE;
				MTL_FAST_MATH = YES;
				ONLY_ACTIVE_ARCH = YES;
				SDKROOT = iphoneos;
			};
			name = Debug;
		};
		F97CE68122DD4E1D004798EF /* Release */ = {
			isa = XCBuildConfiguration;
			buildSettings = {
				ALWAYS_SEARCH_USER_PATHS = NO;
				CLANG_ANALYZER_NONNULL = YES;
				CLANG_ANALYZER_NUMBER_OBJECT_CONVERSION = YES_AGGRESSIVE;
				CLANG_CXX_LANGUAGE_STANDARD = "gnu++14";
				CLANG_CXX_LIBRARY = "libc++";
				CLANG_ENABLE_MODULES = YES;
				CLANG_ENABLE_OBJC_ARC = YES;
				CLANG_ENABLE_OBJC_WEAK = YES;
				CLANG_WARN_BLOCK_CAPTURE_AUTORELEASING = YES;
				CLANG_WARN_BOOL_CONVERSION = YES;
				CLANG_WARN_COMMA = YES;
				CLANG_WARN_CONSTANT_CONVERSION = YES;
				CLANG_WARN_DEPRECATED_OBJC_IMPLEMENTATIONS = YES;
				CLANG_WARN_DIRECT_OBJC_ISA_USAGE = YES_ERROR;
				CLANG_WARN_DOCUMENTATION_COMMENTS = YES;
				CLANG_WARN_EMPTY_BODY = YES;
				CLANG_WARN_ENUM_CONVERSION = YES;
				CLANG_WARN_INFINITE_RECURSION = YES;
				CLANG_WARN_INT_CONVERSION = YES;
				CLANG_WARN_NON_LITERAL_NULL_CONVERSION = YES;
				CLANG_WARN_OBJC_IMPLICIT_RETAIN_SELF = YES;
				CLANG_WARN_OBJC_LITERAL_CONVERSION = YES;
				CLANG_WARN_OBJC_ROOT_CLASS = YES_ERROR;
				CLANG_WARN_RANGE_LOOP_ANALYSIS = YES;
				CLANG_WARN_STRICT_PROTOTYPES = YES;
				CLANG_WARN_SUSPICIOUS_MOVE = YES;
				CLANG_WARN_UNGUARDED_AVAILABILITY = YES_AGGRESSIVE;
				CLANG_WARN_UNREACHABLE_CODE = YES;
				CLANG_WARN__DUPLICATE_METHOD_MATCH = YES;
				CODE_SIGN_IDENTITY = "iPhone Developer";
				COPY_PHASE_STRIP = NO;
				DEBUG_INFORMATION_FORMAT = "dwarf-with-dsym";
				ENABLE_NS_ASSERTIONS = NO;
				ENABLE_STRICT_OBJC_MSGSEND = YES;
				GCC_C_LANGUAGE_STANDARD = gnu11;
				GCC_NO_COMMON_BLOCKS = YES;
				GCC_WARN_64_TO_32_BIT_CONVERSION = YES;
				GCC_WARN_ABOUT_RETURN_TYPE = YES_ERROR;
				GCC_WARN_UNDECLARED_SELECTOR = YES;
				GCC_WARN_UNINITIALIZED_AUTOS = YES_AGGRESSIVE;
				GCC_WARN_UNUSED_FUNCTION = YES;
				GCC_WARN_UNUSED_VARIABLE = YES;
				IPHONEOS_DEPLOYMENT_TARGET = 12.2;
				MTL_ENABLE_DEBUG_INFO = NO;
				MTL_FAST_MATH = YES;
				SDKROOT = iphoneos;
				VALIDATE_PRODUCT = YES;
			};
			name = Release;
		};
		F97CE68322DD4E1D004798EF /* Debug */ = {
			isa = XCBuildConfiguration;
			buildSettings = {
				ASSETCATALOG_COMPILER_APPICON_NAME = AppIcon;
				CODE_SIGN_STYLE = Automatic;
				DEVELOPMENT_TEAM = 4XDFC548L2;
				INFOPLIST_FILE = Decider/Info.plist;
				LD_RUNPATH_SEARCH_PATHS = (
					"$(inherited)",
					"@executable_path/Frameworks",
				);
				PRODUCT_BUNDLE_IDENTIFIER = com.katelin.chan.Decider;
				PRODUCT_NAME = "$(TARGET_NAME)";
				TARGETED_DEVICE_FAMILY = "1,2";
			};
			name = Debug;
		};
		F97CE68422DD4E1D004798EF /* Release */ = {
			isa = XCBuildConfiguration;
			buildSettings = {
				ASSETCATALOG_COMPILER_APPICON_NAME = AppIcon;
				CODE_SIGN_STYLE = Automatic;
				DEVELOPMENT_TEAM = 4XDFC548L2;
				INFOPLIST_FILE = Decider/Info.plist;
				LD_RUNPATH_SEARCH_PATHS = (
					"$(inherited)",
					"@executable_path/Frameworks",
				);
				PRODUCT_BUNDLE_IDENTIFIER = com.katelin.chan.Decider;
				PRODUCT_NAME = "$(TARGET_NAME)";
				TARGETED_DEVICE_FAMILY = "1,2";
			};
			name = Release;
		};
		F97CE68622DD4E1D004798EF /* Debug */ = {
			isa = XCBuildConfiguration;
			buildSettings = {
				BUNDLE_LOADER = "$(TEST_HOST)";
				CODE_SIGN_STYLE = Automatic;
				DEVELOPMENT_TEAM = 4XDFC548L2;
				INFOPLIST_FILE = DeciderTests/Info.plist;
				LD_RUNPATH_SEARCH_PATHS = (
					"$(inherited)",
					"@executable_path/Frameworks",
					"@loader_path/Frameworks",
				);
				PRODUCT_BUNDLE_IDENTIFIER = com.katelin.chan.DeciderTests;
				PRODUCT_NAME = "$(TARGET_NAME)";
				TARGETED_DEVICE_FAMILY = "1,2";
				TEST_HOST = "$(BUILT_PRODUCTS_DIR)/Decider.app/Decider";
			};
			name = Debug;
		};
		F97CE68722DD4E1D004798EF /* Release */ = {
			isa = XCBuildConfiguration;
			buildSettings = {
				BUNDLE_LOADER = "$(TEST_HOST)";
				CODE_SIGN_STYLE = Automatic;
				DEVELOPMENT_TEAM = 4XDFC548L2;
				INFOPLIST_FILE = DeciderTests/Info.plist;
				LD_RUNPATH_SEARCH_PATHS = (
					"$(inherited)",
					"@executable_path/Frameworks",
					"@loader_path/Frameworks",
				);
				PRODUCT_BUNDLE_IDENTIFIER = com.katelin.chan.DeciderTests;
				PRODUCT_NAME = "$(TARGET_NAME)";
				TARGETED_DEVICE_FAMILY = "1,2";
				TEST_HOST = "$(BUILT_PRODUCTS_DIR)/Decider.app/Decider";
			};
			name = Release;
		};
		F97CE68922DD4E1D004798EF /* Debug */ = {
			isa = XCBuildConfiguration;
			buildSettings = {
				CODE_SIGN_STYLE = Automatic;
				DEVELOPMENT_TEAM = 4XDFC548L2;
				INFOPLIST_FILE = DeciderUITests/Info.plist;
				LD_RUNPATH_SEARCH_PATHS = (
					"$(inherited)",
					"@executable_path/Frameworks",
					"@loader_path/Frameworks",
				);
				PRODUCT_BUNDLE_IDENTIFIER = com.katelin.chan.DeciderUITests;
				PRODUCT_NAME = "$(TARGET_NAME)";
				TARGETED_DEVICE_FAMILY = "1,2";
				TEST_TARGET_NAME = Decider;
			};
			name = Debug;
		};
		F97CE68A22DD4E1D004798EF /* Release */ = {
			isa = XCBuildConfiguration;
			buildSettings = {
				CODE_SIGN_STYLE = Automatic;
				DEVELOPMENT_TEAM = 4XDFC548L2;
				INFOPLIST_FILE = DeciderUITests/Info.plist;
				LD_RUNPATH_SEARCH_PATHS = (
					"$(inherited)",
					"@executable_path/Frameworks",
					"@loader_path/Frameworks",
				);
				PRODUCT_BUNDLE_IDENTIFIER = com.katelin.chan.DeciderUITests;
				PRODUCT_NAME = "$(TARGET_NAME)";
				TARGETED_DEVICE_FAMILY = "1,2";
				TEST_TARGET_NAME = Decider;
			};
			name = Release;
		};
/* End XCBuildConfiguration section */

/* Begin XCConfigurationList section */
		F97CE65122DD4E1C004798EF /* Build configuration list for PBXProject "Decider" */ = {
			isa = XCConfigurationList;
			buildConfigurations = (
				F97CE68022DD4E1D004798EF /* Debug */,
				F97CE68122DD4E1D004798EF /* Release */,
			);
			defaultConfigurationIsVisible = 0;
			defaultConfigurationName = Release;
		};
		F97CE68222DD4E1D004798EF /* Build configuration list for PBXNativeTarget "Decider" */ = {
			isa = XCConfigurationList;
			buildConfigurations = (
				F97CE68322DD4E1D004798EF /* Debug */,
				F97CE68422DD4E1D004798EF /* Release */,
			);
			defaultConfigurationIsVisible = 0;
			defaultConfigurationName = Release;
		};
		F97CE68522DD4E1D004798EF /* Build configuration list for PBXNativeTarget "DeciderTests" */ = {
			isa = XCConfigurationList;
			buildConfigurations = (
				F97CE68622DD4E1D004798EF /* Debug */,
				F97CE68722DD4E1D004798EF /* Release */,
			);
			defaultConfigurationIsVisible = 0;
			defaultConfigurationName = Release;
		};
		F97CE68822DD4E1D004798EF /* Build configuration list for PBXNativeTarget "DeciderUITests" */ = {
			isa = XCConfigurationList;
			buildConfigurations = (
				F97CE68922DD4E1D004798EF /* Debug */,
				F97CE68A22DD4E1D004798EF /* Release */,
			);
			defaultConfigurationIsVisible = 0;
			defaultConfigurationName = Release;
		};
/* End XCConfigurationList section */
	};
	rootObject = F97CE64E22DD4E1C004798EF /* Project object */;
}
